
Microsoft Visual Studio Solution File, Format Version 12.00
# Visual Studio Version 16
VisualStudioVersion = 16.0.29519.181
MinimumVisualStudioVersion = 10.0.40219.1
Project("{FAE04EC0-301F-11D3-BF4B-00C04F79EFBC}") = "WPFChrome", "WPFChrome\WPFChrome.csproj", "{96A2D36B-A6B6-4778-8F2B-442A2A7E2BE9}"
EndProject
Global
	GlobalSection(SolutionConfigurationPlatforms) = preSolution
		Debug|Any CPU = Debug|Any CPU
		Debug|x64 = Debug|x64
		Release|Any CPU = Release|Any CPU
		Release|x64 = Release|x64
	EndGlobalSection
	GlobalSection(ProjectConfigurationPlatforms) = postSolution
		{96A2D36B-A6B6-4778-8F2B-442A2A7E2BE9}.Debug|Any CPU.ActiveCfg = Debug|Any CPU
		{96A2D36B-A6B6-4778-8F2B-442A2A7E2BE9}.Debug|Any CPU.Build.0 = Debug|Any CPU
		{96A2D36B-A6B6-4778-8F2B-442A2A7E2BE9}.Debug|x64.ActiveCfg = Debug|x64
		{96A2D36B-A6B6-4778-8F2B-442A2A7E2BE9}.Debug|x64.Build.0 = Debug|x64
		{96A2D36B-A6B6-4778-8F2B-442A2A7E2BE9}.Release|Any CPU.ActiveCfg = Release|Any CPU
		{96A2D36B-A6B6-4778-8F2B-442A2A7E2BE9}.Release|Any CPU.Build.0 = Release|Any CPU
		{96A2D36B-A6B6-4778-8F2B-442A2A7E2BE9}.Release|x64.ActiveCfg = Release|x64
		{96A2D36B-A6B6-4778-8F2B-442A2A7E2BE9}.Release|x64.Build.0 = Release|x64
	EndGlobalSection
	GlobalSection(SolutionProperties) = preSolution
		HideSolutionNode = FALSE
	EndGlobalSection
	GlobalSection(ExtensibilityGlobals) = postSolution
		SolutionGuid = {3C421114-F5A8-4DBC-BE4D-22F3E5192ABE}
	EndGlobalSection
EndGlobal
